go.dokimi.dev/assert v0.0.0-20261006203413-f36a960fd058 h1:06zge4ASZ1IEDJCuNxiTL3AbXSNpfac/5f8rDoLGqrY=
go.dokimi.dev/assert v0.0.0-20261006203413-f36a960fd058/go.mod h1:Mr2lGt+AMXUIuqxAk7aGgGpTbdvFjuCd1qmUt0r091k=
go.yaml.in/yaml/v3 v3.0.5 h1:N6y/pJk8buWs9NY5ERU2HSMfm+IuD/OtfdAnq6kESPw=
go.yaml.in/yaml/v3 v3.0.5/go.mod h1:HVTZu1O7/Vkt2N+BFy8Zza+lnLsABggaTM2ZpNIGuKg=
