{
  "ergon": "dev",
  "files": [
    {
      "path": ".commitlint.yaml",
      "producer": "common",
      "sha256": "1ac3f2b4022a18a91051f0bd8e10cfce4ed0cdff237f1c50454aeaa388c41a75"
    },
    {
      "path": ".editorconfig",
      "producer": "common",
      "sha256": "93a89e8baecb905d0f747ee7a40918bd5ed90617dd5cf4fe147895d671411fd2"
    },
    {
      "path": ".gitattributes",
      "producer": "common",
      "sha256": "197fef5b1d1a448d89160780d36f1f9cb206ccdc440d85b6c7be7a2a921a9f93"
    },
    {
      "path": ".github/ISSUE_TEMPLATE/bug.yml",
      "producer": "github",
      "sha256": "784aebe15b8c161a37907f5a840406ebd9c0a5dd0429f4ea4dbf5cbe444ea0ab"
    },
    {
      "path": ".github/ISSUE_TEMPLATE/config.yml",
      "producer": "github",
      "sha256": "a389152a07d55b39fcfd2489c60b531714cbb3f4254372baba9ea4782fad690d"
    },
    {
      "path": ".github/ISSUE_TEMPLATE/feature.yml",
      "producer": "github",
      "sha256": "d4bef615f7432456c4aee578bfb274eb8aedf92728ae497f6856c3ede4bab3ca"
    },
    {
      "path": ".github/PULL_REQUEST_TEMPLATE.md",
      "producer": "github",
      "sha256": "847a27513a667c4b096a937d209b6403718968d300cd7353a38091dd403ffb94"
    },
    {
      "path": ".github/actions/setup-ergon/action.yml",
      "producer": "github",
      "local": "62da4a61efa6a87252b0cc310b08dc267270d2455efbdbb348acf7986cb457e5",
      "sha256": "e0233ca181d966ccb2e1dcb933825af5a7912210d709d2955a5f71881b6f1f60"
    },
    {
      "path": ".github/actions/setup-make/action.yml",
      "producer": "github",
      "sha256": "0adbd275abc6c40082dc58e402c8164c41050e44c46417e9f36890eae1822155"
    },
    {
      "path": ".github/dependabot.yml",
      "producer": "github",
      "sha256": "2b2022de9d4fc916fca8d4f608db653f33791a5855786f0f4d804d9a09d391ad"
    },
    {
      "path": ".github/workflows/baseline.yml",
      "producer": "github",
      "sha256": "05472ecab1e1276cd411dc400fa3ea8282a3aa1b9d94e6edda6014c27f3db066"
    },
    {
      "path": ".github/workflows/ci.yml",
      "producer": "github",
      "sha256": "13569995b79a3c61ab81a07032b3d6f887ffeeb53719b8d4ac3f67b746a2c68c"
    },
    {
      "path": ".github/workflows/codeql.yml",
      "producer": "github",
      "sha256": "73258c4feacff149ac50c7cfb695871a474076c17835059e1a6d70200cfdbcec"
    },
    {
      "path": ".github/workflows/release.yml",
      "producer": "github",
      "local": "121ece7023c9ef7234dfb630f4b006cee8401af33f76233c848fb987ce5484c6",
      "sha256": "911cf34addd6853abac5e217f4a09cf9ba00da1599961d21cdc6e59e6d364df8"
    },
    {
      "path": ".github/workflows/security.yml",
      "producer": "github",
      "sha256": "623fd26152fc68d822fcf30ffb781d146bd8efb3a94d3ec0ed709b5c2a67f45b"
    },
    {
      "path": ".gitignore",
      "producer": "common",
      "sha256": "7df10096b659ba51a05461d5cda6030e4aabd50297e6c7a1ed52d0902f8db10f"
    },
    {
      "path": ".golangci.yml",
      "producer": "go",
      "local": "21a1e19e217bbf971971da52f9abc200aa8086d5df0e251f937c298a96c1db4e",
      "sha256": "837e280f77d224473559723377f2bb71c971a7bb7e9d3d641a189115a88909b4"
    },
    {
      "path": ".markdownlint.yml",
      "producer": "common",
      "sha256": "cf54e52b8bdd1fcfcc74679b59f5dc6494e168e7f01de2504fcbfd54cc0f0845"
    },
    {
      "path": ".pre-commit-config.yaml",
      "producer": "common",
      "sha256": "f1aec7a0c17c2e16396477ced27ef8867d57f607394d8bf571edc0cf58ed3da7"
    },
    {
      "path": "CODE_OF_CONDUCT.md",
      "producer": "common",
      "sha256": "47f8e8865bf40186d03de135629c43934f73bb1bcc0c137187dcdb69ecc6d699"
    },
    {
      "path": "LICENSE",
      "producer": "license",
      "sha256": "540b73560bd7b122c9ed368fed23e0e79a91b9327207c4516caf8dce46d70b15"
    },
    {
      "path": "Makefile",
      "producer": "common",
      "local": "c30c1b28218f6d7ffddd4a4ca693bd1cb1d3cd8c8ef4fd5ed5fc49a9ffc45925",
      "sha256": "88d3e2f498f77e0bb8f07e824fa62b77e50d2e6856bb79be45e989b786c08c57"
    }
  ],
  "settings": {
    "common.ci.actions.markdownlint.commit": "21c1be1b93ad9ed58fa840aacc3f279cde2a72ff",
    "common.ci.actions.markdownlint.release": "v24.2.0",
    "common.ci.actions.markdownlint.uses": "DavidAnson/markdownlint-cli2-action",
    "common.ci.timeout": 10,
    "common.pre-commit-hooks": "v6.0.0",
    "common.tools.commitlint.sha256": {
      "darwin/arm64": "35f25a55947031db016177ac0211d479c1fca21ccb87b368b6a429629524436c",
      "linux/amd64": "bf9666441262bf8d31345a6d29d6f788d0dadea7d47e5b91890c3a651999c118",
      "windows/amd64": "e8f90d08616ab8cd987b2dbef7ae0ee7fd1cb43c97f5a1ad171e8a56d1bd2f3d"
    },
    "common.tools.commitlint.version": "0.12.0",
    "github.ci.actions.cache.commit": "55cc8345863c7cc4c66a329aec7e433d2d1c52a9",
    "github.ci.actions.cache.release": "v6.1.0",
    "github.ci.actions.cache.uses": "actions/cache",
    "github.ci.actions.checkout.commit": "3d3c42e5aac5ba805825da76410c181273ba90b1",
    "github.ci.actions.checkout.release": "v7.0.1",
    "github.ci.actions.checkout.uses": "actions/checkout",
    "github.ci.actions.codeql.commit": "2892aa5e19bbd11bc0cff5427e3b750a04d9e3c2",
    "github.ci.actions.codeql.release": "v4.38.2",
    "github.ci.actions.codeql.uses": "github/codeql-action",
    "github.ci.actions.dependency-review.commit": "a1d282b36b6f3519aa1f3fc636f609c47dddb294",
    "github.ci.actions.dependency-review.release": "v5.0.0",
    "github.ci.actions.dependency-review.uses": "actions/dependency-review-action",
    "github.ci.actions.download-artifact.commit": "9000827ccba6bdab643e8b6fd33ac0654aef8333",
    "github.ci.actions.download-artifact.release": "v8.0.2",
    "github.ci.actions.download-artifact.uses": "actions/download-artifact",
    "github.ci.actions.scorecard.commit": "2d1146689b8cda280b9bc96326124645441f03bc",
    "github.ci.actions.scorecard.release": "v2.4.4",
    "github.ci.actions.scorecard.uses": "ossf/scorecard-action",
    "github.ci.actions.upload-artifact.commit": "cf430e030ddbb5b0abf93d22962f4752f3646cd9",
    "github.ci.actions.upload-artifact.release": "v7.0.2",
    "github.ci.actions.upload-artifact.uses": "actions/upload-artifact",
    "github.ci.timeout": 15,
    "github.linux": "ubuntu-26.04",
    "github.make": "4.4.1",
    "github.runners": [
      "ubuntu-26.04",
      "macos-26",
      "windows-2025"
    ],
    "go.audit.args": [],
    "go.bench.args": [
      "-benchmem"
    ],
    "go.bench.count": 6,
    "go.bench.match": ".",
    "go.bench.time": "1s",
    "go.check": [
      "lint",
      "test",
      "race",
      "audit"
    ],
    "go.ci.actions.setup-go.commit": "b7ad1dad31e06c5925ef5d2fc7ad053ef454303e",
    "go.ci.actions.setup-go.release": "v7.0.0",
    "go.ci.actions.setup-go.uses": "actions/setup-go",
    "go.ci.runners": [],
    "go.ci.timeout": 30,
    "go.ci.versions": [],
    "go.fuzz.args": [
      "-fuzzminimizetime=5s"
    ],
    "go.fuzz.match": ".",
    "go.fuzz.time": "30s",
    "go.generate.args": [],
    "go.lint.exclude": [],
    "go.mutate.args": [],
    "go.mutate.timeout": "0s",
    "go.mutate.workers": 1,
    "go.paths": [
      "./..."
    ],
    "go.race.args": [
      "-count=1",
      "-p=1"
    ],
    "go.test.args": [
      "-count=1"
    ],
    "go.tools.benchstat": "golang.org/x/perf/cmd/benchstat@v0.0.0-20260929162123-406019bb8b68",
    "go.tools.dokimi-mutate-go": "go.dokimi.dev/mutate/cmd/dokimi-mutate-go@v0.0.0-20261006212535-719083ce3457",
    "go.tools.ergon-go-vet": "go.dokimi.dev/ergon/lang/go/cmd/ergon-go-vet@v0.1.0",
    "go.tools.golangci-lint": "github.com/golangci/golangci-lint/v2/cmd/golangci-lint@v2.14.0",
    "go.tools.govulncheck": "golang.org/x/vuln/cmd/govulncheck@v1.8.0",
    "license.ci.timeout": 10,
    "license.directories": [],
    "license.exclude": [],
    "license.parameters.additional-use-grant": "",
    "license.parameters.change-date": "",
    "license.parameters.change-license": "",
    "license.parameters.licensed-work": "",
    "license.styles": {}
  },
  "answers": {
    "name": "ergon",
    "owner": "Dokimasia B.V.",
    "license": "MIT",
    "repository": "dokimasia/ergon",
    "security-contact": "security@dokimi.dev",
    "languages": [
      "go"
    ],
    "year": 2026
  }
}
