{
  "ergon": "1.0.0",
  "files": [
    {
      "path": ".editorconfig",
      "producer": "javascript",
      "sha256": "ac4d75f7052796c6c15f74111029391b481b1aa46afdcfe7380fefe1831cce7e"
    },
    {
      "path": ".gitattributes",
      "producer": "js",
      "sha256": "d7d2e1720caa70fe17b2094cba00406863da607cb76f48a683edf6af244f7730"
    },
    {
      "path": ".gitignore",
      "producer": "js",
      "sha256": "09789a11281e10d352046fbeaa0c328dbb2e7087579c686ccf84cbed6ba1b0cc"
    },
    {
      "path": "Makefile",
      "producer": "js",
      "sha256": "a3d373cad45cadaa1463fd2ae51a9c68f64a5d9d94d1d89aec1b743700afec6c"
    },
    {
      "path": "biome.json",
      "producer": "js",
      "sha256": "7f7f7d5278736969aee1fcd835eb6896f102561474e7501143634c7e221f8e97"
    }
  ],
  "settings": {
    "javascript.check": [
      "lint",
      "test",
      "audit"
    ],
    "javascript.generate.args": [],
    "javascript.generate.command": [],
    "javascript.test.args": [],
    "js.audit.severity": "low",
    "js.ci.actions.setup-node.commit": "820762786026740c76f36085b0efc47a31fe5020",
    "js.ci.actions.setup-node.release": "v7.0.0",
    "js.ci.actions.setup-node.uses": "actions/setup-node",
    "js.ci.runners": [],
    "js.ci.steps": [],
    "js.ci.timeout": 30,
    "js.ci.versions": [],
    "js.paths": [
      "."
    ],
    "js.tools.biome": "@biomejs/biome@2.5.15",
    "typescript.check": [
      "lint",
      "test",
      "audit"
    ],
    "typescript.generate.args": [],
    "typescript.generate.command": [],
    "typescript.test.args": [],
    "typescript.tools.typescript": "typescript@7.0.2"
  },
  "answers": {
    "name": "demo",
    "owner": "Dokimasia B.V.",
    "license": "MIT",
    "repository": "dokimasia/demo",
    "security-contact": "security@example.com",
    "languages": [
      "javascript",
      "typescript"
    ],
    "year": 2026
  }
}
