{
  "ergon": "1.0.0",
  "files": [
    {
      "path": ".editorconfig",
      "producer": "java",
      "sha256": "642d43e5cd33540585bc5388297f8c3b6d8c648db5f5c80696aeed62cd6ad73b"
    },
    {
      "path": ".gitattributes",
      "producer": "java",
      "sha256": "23b15a6e1cbcca48c4e33e1bca501de4bc0e229b0a0353bbebcb3dd01d4a313f"
    },
    {
      "path": ".gitignore",
      "producer": "jvm",
      "sha256": "c78e6db2b1ec85ef296da5e0df0e90a204fa4f49747b1ffea288f72c5545c1a3"
    },
    {
      "path": "Makefile",
      "producer": "jvm",
      "sha256": "17ed1ee16d0647c328a5f005ec42107251b4f9f2fb99096d637aa6b292d98770"
    },
    {
      "path": "gradle/ergon-java.init.gradle.kts",
      "producer": "java",
      "sha256": "7593a61cd2624d680236daad119a035f035ad5b0584e814f5ee65e6ca6725027"
    }
  ],
  "settings": {
    "java.check": [
      "lint",
      "test",
      "audit"
    ],
    "java.generate.args": [],
    "java.generate.command": [],
    "java.test.args": [],
    "java.tools.pmd": "net.sourceforge.pmd:pmd-java@7.28.0",
    "jvm.ci.actions.setup-java.commit": "de7274f081f381c8f8158605e0321c36c376e2e6",
    "jvm.ci.actions.setup-java.release": "v6.0.1",
    "jvm.ci.actions.setup-java.uses": "actions/setup-java",
    "jvm.ci.runners": [],
    "jvm.ci.steps": [],
    "jvm.ci.timeout": 30,
    "jvm.ci.versions": [],
    "jvm.tools.osv-scanner.sha256": {
      "darwin/arm64": "98c460dcd37de25819babd757d04542045b6243113e209edcd4d89fedb0256b4",
      "linux/amd64": "ca69b3d3cd08f889a49dc0a383122f71cc528b83803671df5fd874d97485b108",
      "windows/amd64": "e0ed7644118b717b028c249ee9d3515024e55e8510747ca08906eb96765354d6"
    },
    "jvm.tools.osv-scanner.version": "2.6.0"
  },
  "answers": {
    "name": "demo",
    "owner": "Dokimasia B.V.",
    "license": "MIT",
    "repository": "dokimasia/demo",
    "security-contact": "security@example.com",
    "languages": [
      "java"
    ],
    "year": 2026
  }
}
